PODS:
  - Alamofire (4.8.0)
  - PromiseKit (6.7.0):
    - PromiseKit/CorePromise (= 6.7.0)
    - PromiseKit/Foundation (= 6.7.0)
    - PromiseKit/UIKit (= 6.7.0)
  - PromiseKit/CorePromise (6.7.0)
  - PromiseKit/Foundation (6.7.0):
    - PromiseKit/CorePromise
  - PromiseKit/UIKit (6.7.0):
    - PromiseKit/CorePromise
  - Realm (3.17.3):
    - Realm/Headers (= 3.17.3)
  - Realm/Headers (3.17.3)
  - RealmSwift (3.17.3):
    - Realm (= 3.17.3)
  - RxAtomic (4.4.0)
  - RxCocoa (4.4.0):
    - RxSwift (~> 4.0)
  - RxSwift (4.4.0):
    - RxAtomic (~> 4.4)
  - SwiftLint (0.29.1)

DEPENDENCIES:
  - Alamofire
  - PromiseKit
  - Realm (from `https://github.com/realm/realm-cocoa.git`, branch `master`)
  - RealmSwift (from `https://github.com/realm/realm-cocoa.git`, branch `master`)
  - RxCocoa
  - RxSwift
  - SwiftLint

SPEC REPOS:
  https://github.com/cocoapods/specs.git:
    - Alamofire
    - PromiseKit
    - RxAtomic
    - RxCocoa
    - RxSwift
    - SwiftLint

EXTERNAL SOURCES:
  Realm:
    :branch: master
    :git: https://github.com/realm/realm-cocoa.git
    :submodules: true
  RealmSwift:
    :branch: master
    :git: https://github.com/realm/realm-cocoa.git
    :submodules: true

CHECKOUT OPTIONS:
  Realm:
    :commit: f29f26dd509b480fb6bcf360a6f281d0b7a98417
    :git: https://github.com/realm/realm-cocoa.git
    :submodules: true
  RealmSwift:
    :commit: f29f26dd509b480fb6bcf360a6f281d0b7a98417
    :git: https://github.com/realm/realm-cocoa.git
    :submodules: true

SPEC CHECKSUMS:
  Alamofire: 3ec537f71edc9804815215393ae2b1a8ea33a844
  PromiseKit: 453ddcc947fe7b302f3ef41882b81d31c554df7f
  Realm: 5a1d9d47bfc101dd597668b1a8af4288a2557f6d
  RealmSwift: b7fdc2d18616621c31df5c7a398a45a2163f8eb0
  RxAtomic: eacf60db868c96bfd63320e28619fe29c179656f
  RxCocoa: df63ebf7b9a70d6b4eeea407ed5dd4efc8979749
  RxSwift: 5976ecd04fc2fefd648827c23de5e11157faa973
  SwiftLint: 6772320e40b52049053a518c17db9b0634a0b45a

PODFILE CHECKSUM: e143ddfd12f5f7a2239a7eead3f8c261a408c292

COCOAPODS: 1.5.3
